{
  "requires": true,
  "lockfileVersion": 1,
  "dependencies": {
    "ladda": {
      "version": "2.0.1",
      "resolved": "https://registry.npmjs.org/ladda/-/ladda-2.0.1.tgz",
      "integrity": "sha512-ynRaMdW9y9ABRdTUWa60HSQjtTkoEZMiQDzzYsX8yxIEm7mxL/sxpvoLutYox1XluRif3DxLDg+3Dl1wurjnJg==",
      "requires": {
        "spin.js": "4.0.0"
      }
    },
    "spin.js": {
      "version": "4.0.0",
      "resolved": "https://registry.npmjs.org/spin.js/-/spin.js-4.0.0.tgz",
      "integrity": "sha512-uJN9Q4/I4I7PRZAp1c5reoY89thAfvFB5thbJncAwkPjPhqCfUrCooJc8GMN8q8WKFGIMy+JMf477RW7deCInA=="
    }
  }
}
